
Microsoft Visual Studio Solution File, Format Version 12.00
Project("{FAE04EC0-301F-11D3-BF4B-00C04F79EFBC}") = "Futures", "Futures\Futures.csproj", "{3D9A513F-AE03-45C1-9484-44C0C0BFC573}"
EndProject
Project("{FAE04EC0-301F-11D3-BF4B-00C04F79EFBC}") = "MftTask", "MftTask\MftTask.csproj", "{12F71EEB-AE5B-4122-88CD-77829A3E2DDB}"
EndProject
Global
	GlobalSection(SolutionConfigurationPlatforms) = preSolution
		Debug|Any CPU = Debug|Any CPU
		Release|Any CPU = Release|Any CPU
	EndGlobalSection
	GlobalSection(ProjectConfigurationPlatforms) = postSolution
		{3D9A513F-AE03-45C1-9484-44C0C0BFC573}.Debug|Any CPU.ActiveCfg = Debug|Any CPU
		{3D9A513F-AE03-45C1-9484-44C0C0BFC573}.Debug|Any CPU.Build.0 = Debug|Any CPU
		{3D9A513F-AE03-45C1-9484-44C0C0BFC573}.Release|Any CPU.ActiveCfg = Release|Any CPU
		{3D9A513F-AE03-45C1-9484-44C0C0BFC573}.Release|Any CPU.Build.0 = Release|Any CPU
		{12F71EEB-AE5B-4122-88CD-77829A3E2DDB}.Debug|Any CPU.ActiveCfg = Debug|Any CPU
		{12F71EEB-AE5B-4122-88CD-77829A3E2DDB}.Debug|Any CPU.Build.0 = Debug|Any CPU
		{12F71EEB-AE5B-4122-88CD-77829A3E2DDB}.Release|Any CPU.ActiveCfg = Release|Any CPU
		{12F71EEB-AE5B-4122-88CD-77829A3E2DDB}.Release|Any CPU.Build.0 = Release|Any CPU
	EndGlobalSection
EndGlobal
